
Microsoft Visual Studio Solution File, Format Version 12.00
# Visual Studio Version 17
VisualStudioVersion = 17.9.34622.214
MinimumVisualStudioVersion = 10.0.40219.1
Project("{FAE04EC0-301F-11D3-BF4B-00C04F79EFBC}") = "RepositoryPatternImplementation", "RepositoryPatternImplementation\RepositoryPatternImplementation.csproj", "{0DF9B9D6-F34E-4936-888E-74723691FA22}"
EndProject
Global
	GlobalSection(SolutionConfigurationPlatforms) = preSolution
		Debug|Any CPU = Debug|Any CPU
		Release|Any CPU = Release|Any CPU
	EndGlobalSection
	GlobalSection(ProjectConfigurationPlatforms) = postSolution
		{0DF9B9D6-F34E-4936-888E-74723691FA22}.Debug|Any CPU.ActiveCfg = Debug|Any CPU
		{0DF9B9D6-F34E-4936-888E-74723691FA22}.Debug|Any CPU.Build.0 = Debug|Any CPU
		{0DF9B9D6-F34E-4936-888E-74723691FA22}.Release|Any CPU.ActiveCfg = Release|Any CPU
		{0DF9B9D6-F34E-4936-888E-74723691FA22}.Release|Any CPU.Build.0 = Release|Any CPU
	EndGlobalSection
	GlobalSection(SolutionProperties) = preSolution
		HideSolutionNode = FALSE
	EndGlobalSection
	GlobalSection(ExtensibilityGlobals) = postSolution
		SolutionGuid = {8AFD6F90-2775-47D8-BF68-6545F7CD1800}
	EndGlobalSection
EndGlobal
