
Microsoft Visual Studio Solution File, Format Version 12.00
# Visual Studio Version 17
VisualStudioVersion = 17.9.34622.214
MinimumVisualStudioVersion = 10.0.40219.1
Project("{FAE04EC0-301F-11D3-BF4B-00C04F79EFBC}") = "Assignment", "Assignment\Assignment.csproj", "{9DCDA5F5-CB6E-4736-AABE-A2452AF161EE}"
EndProject
Global
	GlobalSection(SolutionConfigurationPlatforms) = preSolution
		Debug|Any CPU = Debug|Any CPU
		Release|Any CPU = Release|Any CPU
	EndGlobalSection
	GlobalSection(ProjectConfigurationPlatforms) = postSolution
		{9DCDA5F5-CB6E-4736-AABE-A2452AF161EE}.Debug|Any CPU.ActiveCfg = Debug|Any CPU
		{9DCDA5F5-CB6E-4736-AABE-A2452AF161EE}.Debug|Any CPU.Build.0 = Debug|Any CPU
		{9DCDA5F5-CB6E-4736-AABE-A2452AF161EE}.Release|Any CPU.ActiveCfg = Release|Any CPU
		{9DCDA5F5-CB6E-4736-AABE-A2452AF161EE}.Release|Any CPU.Build.0 = Release|Any CPU
	EndGlobalSection
	GlobalSection(SolutionProperties) = preSolution
		HideSolutionNode = FALSE
	EndGlobalSection
	GlobalSection(ExtensibilityGlobals) = postSolution
		SolutionGuid = {D28E944D-D8CD-48C1-A318-0D086000E8DA}
	EndGlobalSection
EndGlobal
