
Microsoft Visual Studio Solution File, Format Version 12.00
# Visual Studio Version 17
VisualStudioVersion = 17.9.34723.18
MinimumVisualStudioVersion = 10.0.40219.1
Project("{FAE04EC0-301F-11D3-BF4B-00C04F79EFBC}") = "Assignment", "Assignment\Assignment.csproj", "{98F48CFA-87E2-485D-8EAE-023170FA09BC}"
EndProject
Project("{FAE04EC0-301F-11D3-BF4B-00C04F79EFBC}") = "ProductManagement.Domain", "ProductManagement.Domain\ProductManagement.Domain.csproj", "{C603D663-8F4B-4778-A656-85CA3DBC1EBF}"
EndProject
Project("{FAE04EC0-301F-11D3-BF4B-00C04F79EFBC}") = "ProductManagement.Application", "ProductManagement.Application\ProductManagement.Application.csproj", "{EB2AD142-CCCA-4CE6-A36F-F84426FA9079}"
EndProject
Project("{FAE04EC0-301F-11D3-BF4B-00C04F79EFBC}") = "ProductManagement.Infrastructure", "ProductManagement.Infrastructure\ProductManagement.Infrastructure.csproj", "{2D2988CA-D083-40E4-97DB-5831798C3273}"
EndProject
Global
	GlobalSection(SolutionConfigurationPlatforms) = preSolution
		Debug|Any CPU = Debug|Any CPU
		Release|Any CPU = Release|Any CPU
	EndGlobalSection
	GlobalSection(ProjectConfigurationPlatforms) = postSolution
		{98F48CFA-87E2-485D-8EAE-023170FA09BC}.Debug|Any CPU.ActiveCfg = Debug|Any CPU
		{98F48CFA-87E2-485D-8EAE-023170FA09BC}.Debug|Any CPU.Build.0 = Debug|Any CPU
		{98F48CFA-87E2-485D-8EAE-023170FA09BC}.Release|Any CPU.ActiveCfg = Release|Any CPU
		{98F48CFA-87E2-485D-8EAE-023170FA09BC}.Release|Any CPU.Build.0 = Release|Any CPU
		{C603D663-8F4B-4778-A656-85CA3DBC1EBF}.Debug|Any CPU.ActiveCfg = Debug|Any CPU
		{C603D663-8F4B-4778-A656-85CA3DBC1EBF}.Debug|Any CPU.Build.0 = Debug|Any CPU
		{C603D663-8F4B-4778-A656-85CA3DBC1EBF}.Release|Any CPU.ActiveCfg = Release|Any CPU
		{C603D663-8F4B-4778-A656-85CA3DBC1EBF}.Release|Any CPU.Build.0 = Release|Any CPU
		{EB2AD142-CCCA-4CE6-A36F-F84426FA9079}.Debug|Any CPU.ActiveCfg = Debug|Any CPU
		{EB2AD142-CCCA-4CE6-A36F-F84426FA9079}.Debug|Any CPU.Build.0 = Debug|Any CPU
		{EB2AD142-CCCA-4CE6-A36F-F84426FA9079}.Release|Any CPU.ActiveCfg = Release|Any CPU
		{EB2AD142-CCCA-4CE6-A36F-F84426FA9079}.Release|Any CPU.Build.0 = Release|Any CPU
		{2D2988CA-D083-40E4-97DB-5831798C3273}.Debug|Any CPU.ActiveCfg = Debug|Any CPU
		{2D2988CA-D083-40E4-97DB-5831798C3273}.Debug|Any CPU.Build.0 = Debug|Any CPU
		{2D2988CA-D083-40E4-97DB-5831798C3273}.Release|Any CPU.ActiveCfg = Release|Any CPU
		{2D2988CA-D083-40E4-97DB-5831798C3273}.Release|Any CPU.Build.0 = Release|Any CPU
	EndGlobalSection
	GlobalSection(SolutionProperties) = preSolution
		HideSolutionNode = FALSE
	EndGlobalSection
	GlobalSection(ExtensibilityGlobals) = postSolution
		SolutionGuid = {2EF20942-3E36-45EC-946A-0E51895040FA}
	EndGlobalSection
EndGlobal
