
Microsoft Visual Studio Solution File, Format Version 12.00
# Visual Studio Version 17
VisualStudioVersion = 17.8.34316.72
MinimumVisualStudioVersion = 10.0.40219.1
Project("{FAE04EC0-301F-11D3-BF4B-00C04F79EFBC}") = "OOPFundamentals", "OOPFundamentals\OOPFundamentals.csproj", "{B1002810-B488-4335-99F8-2DE98433E6DD}"
EndProject
Global
	GlobalSection(SolutionConfigurationPlatforms) = preSolution
		Debug|Any CPU = Debug|Any CPU
		Release|Any CPU = Release|Any CPU
	EndGlobalSection
	GlobalSection(ProjectConfigurationPlatforms) = postSolution
		{B1002810-B488-4335-99F8-2DE98433E6DD}.Debug|Any CPU.ActiveCfg = Debug|Any CPU
		{B1002810-B488-4335-99F8-2DE98433E6DD}.Debug|Any CPU.Build.0 = Debug|Any CPU
		{B1002810-B488-4335-99F8-2DE98433E6DD}.Release|Any CPU.ActiveCfg = Release|Any CPU
		{B1002810-B488-4335-99F8-2DE98433E6DD}.Release|Any CPU.Build.0 = Release|Any CPU
	EndGlobalSection
	GlobalSection(SolutionProperties) = preSolution
		HideSolutionNode = FALSE
	EndGlobalSection
	GlobalSection(ExtensibilityGlobals) = postSolution
		SolutionGuid = {F586D005-A102-45F0-ACC7-537335C1D0ED}
	EndGlobalSection
EndGlobal
